// !$*UTF8*$!
{
	archiveVersion = 1;
	classes = {
	};
	objectVersion = 56;
	objects = {

/* Begin PBXBuildFile section */
		591E7ED32A4A367300EF1FA3 /* hjhmnnbnApp.swift in Sources */ = {isa = PBXBuildFile; fileRef = 591E7ED22A4A367300EF1FA3 /* hjhmnnbnApp.swift */; };
		591E7ED52A4A367300EF1FA3 /* ContentView.swift in Sources */ = {isa = PBXBuildFile; fileRef = 591E7ED42A4A367300EF1FA3 /* ContentView.swift */; };
		591E7ED72A4A367400EF1FA3 /* Assets.xcassets in Resources */ = {isa = PBXBuildFile; fileRef = 591E7ED62A4A367400EF1FA3 /* Assets.xcassets */; };
		591E7EDB2A4A367400EF1FA3 /* Preview Assets.xcassets in Resources */ = {isa = PBXBuildFile; fileRef = 591E7EDA2A4A367400EF1FA3 /* Preview Assets.xcassets */; };
		591E7EE52A4A367400EF1FA3 /* hjhmnnbnTests.swift in Sources */ = {isa = PBXBuildFile; fileRef = 591E7EE42A4A367400EF1FA3 /* hjhmnnbnTests.swift */; };
		591E7EEF2A4A367400EF1FA3 /* hjhmnnbnUITests.swift in Sources */ = {isa = PBXBuildFile; fileRef = 591E7EEE2A4A367400EF1FA3 /* hjhmnnbnUITests.swift */; };
		591E7EF12A4A367400EF1FA3 /* hjhmnnbnUITestsLaunchTests.swift in Sources */ = {isa = PBXBuildFile; fileRef = 591E7EF02A4A367400EF1FA3 /* hjhmnnbnUITestsLaunchTests.swift */; };
/* End PBXBuildFile section */

/* Begin PBXContainerItemProxy section */
		591E7EE12A4A367400EF1FA3 /* PBXContainerItemProxy */ = {
			isa = PBXContainerItemProxy;
			containerPortal = 591E7EC72A4A367300EF1FA3 /* Project object */;
			proxyType = 1;
			remoteGlobalIDString = 591E7ECE2A4A367300EF1FA3;
			remoteInfo = hjhmnnbn;
		};
		591E7EEB2A4A367400EF1FA3 /* PBXContainerItemProxy */ = {
			isa = PBXContainerItemProxy;
			containerPortal = 591E7EC72A4A367300EF1FA3 /* Project object */;
			proxyType = 1;
			remoteGlobalIDString = 591E7ECE2A4A367300EF1FA3;
			remoteInfo = hjhmnnbn;
		};
/* End PBXContainerItemProxy section */

/* Begin PBXFileReference section */
		591E7ECF2A4A367300EF1FA3 /* hjhmnnbn.app */ = {isa = PBXFileReference; explicitFileType = wrapper.application; includeInIndex = 0; path = hjhmnnbn.app; sourceTree = BUILT_PRODUCTS_DIR; };
		591E7ED22A4A367300EF1FA3 /* hjhmnnbnApp.swift */ = {isa = PBXFileReference; lastKnownFileType = sourcecode.swift; path = hjhmnnbnApp.swift; sourceTree = "<group>"; };
		591E7ED42A4A367300EF1FA3 /* ContentView.swift */ = {isa = PBXFileReference; lastKnownFileType = sourcecode.swift; path = ContentView.swift; sourceTree = "<group>"; };
		591E7ED62A4A367400EF1FA3 /* Assets.xcassets */ = {isa = PBXFileReference; lastKnownFileType = folder.assetcatalog; path = Assets.xcassets; sourceTree = "<group>"; };
		591E7ED82A4A367400EF1FA3 /* hjhmnnbn.entitlements */ = {isa = PBXFileReference; lastKnownFileType = text.plist.entitlements; path = hjhmnnbn.entitlements; sourceTree = "<group>"; };
		591E7EDA2A4A367400EF1FA3 /* Preview Assets.xcassets */ = {isa = PBXFileReference; lastKnownFileType = folder.assetcatalog; path = "Preview Assets.xcassets"; sourceTree = "<group>"; };
		591E7EE02A4A367400EF1FA3 /* hjhmnnbnTests.xctest */ = {isa = PBXFileReference; explicitFileType = wrapper.cfbundle; includeInIndex = 0; path = hjhmnnbnTests.xctest; sourceTree = BUILT_PRODUCTS_DIR; };
		591E7EE42A4A367400EF1FA3 /* hjhmnnbnTests.swift */ = {isa = PBXFileReference; lastKnownFileType = sourcecode.swift; path = hjhmnnbnTests.swift; sourceTree = "<group>"; };
		591E7EEA2A4A367400EF1FA3 /* hjhmnnbnUITests.xctest */ = {isa = PBXFileReference; explicitFileType = wrapper.cfbundle; includeInIndex = 0; path = hjhmnnbnUITests.xctest; sourceTree = BUILT_PRODUCTS_DIR; };
		591E7EEE2A4A367400EF1FA3 /* hjhmnnbnUITests.swift */ = {isa = PBXFileReference; lastKnownFileType = sourcecode.swift; path = hjhmnnbnUITests.swift; sourceTree = "<group>"; };
		591E7EF02A4A367400EF1FA3 /* hjhmnnbnUITestsLaunchTests.swift */ = {isa = PBXFileReference; lastKnownFileType = sourcecode.swift; path = hjhmnnbnUITestsLaunchTests.swift; sourceTree = "<group>"; };
/* End PBXFileReference section */

/* Begin PBXFrameworksBuildPhase section */
		591E7ECC2A4A367300EF1FA3 /* Frameworks */ = {
			isa = PBXFrameworksBuildPhase;
			buildActionMask = 2147483647;
			files = (
			);
			runOnlyForDeploymentPostprocessing = 0;
		};
		591E7EDD2A4A367400EF1FA3 /* Frameworks */ = {
			isa = PBXFrameworksBuildPhase;
			buildActionMask = 2147483647;
			files = (
			);
			runOnlyForDeploymentPostprocessing = 0;
		};
		591E7EE72A4A367400EF1FA3 /* Frameworks */ = {
			isa = PBXFrameworksBuildPhase;
			buildActionMask = 2147483647;
			files = (
			);
			runOnlyForDeploymentPostprocessing = 0;
		};
/* End PBXFrameworksBuildPhase section */

/* Begin PBXGroup section */
		591E7EC62A4A367300EF1FA3 = {
			isa = PBXGroup;
			children = (
				591E7ED12A4A367300EF1FA3 /* hjhmnnbn */,
				591E7EE32A4A367400EF1FA3 /* hjhmnnbnTests */,
				591E7EED2A4A367400EF1FA3 /* hjhmnnbnUITests */,
				591E7ED02A4A367300EF1FA3 /* Products */,
			);
			sourceTree = "<group>";
		};
		591E7ED02A4A367300EF1FA3 /* Products */ = {
			isa = PBXGroup;
			children = (
				591E7ECF2A4A367300EF1FA3 /* hjhmnnbn.app */,
				591E7EE02A4A367400EF1FA3 /* hjhmnnbnTests.xctest */,
				591E7EEA2A4A367400EF1FA3 /* hjhmnnbnUITests.xctest */,
			);
			name = Products;
			sourceTree = "<group>";
		};
		591E7ED12A4A367300EF1FA3 /* hjhmnnbn */ = {
			isa = PBXGroup;
			children = (
				591E7ED22A4A367300EF1FA3 /* hjhmnnbnApp.swift */,
				591E7ED42A4A367300EF1FA3 /* ContentView.swift */,
				591E7ED62A4A367400EF1FA3 /* Assets.xcassets */,
				591E7ED82A4A367400EF1FA3 /* hjhmnnbn.entitlements */,
				591E7ED92A4A367400EF1FA3 /* Preview Content */,
			);
			path = hjhmnnbn;
			sourceTree = "<group>";
		};
		591E7ED92A4A367400EF1FA3 /* Preview Content */ = {
			isa = PBXGroup;
			children = (
				591E7EDA2A4A367400EF1FA3 /* Preview Assets.xcassets */,
			);
			path = "Preview Content";
			sourceTree = "<group>";
		};
		591E7EE32A4A367400EF1FA3 /* hjhmnnbnTests */ = {
			isa = PBXGroup;
			children = (
				591E7EE42A4A367400EF1FA3 /* hjhmnnbnTests.swift */,
			);
			path = hjhmnnbnTests;
			sourceTree = "<group>";
		};
		591E7EED2A4A367400EF1FA3 /* hjhmnnbnUITests */ = {
			isa = PBXGroup;
			children = (
				591E7EEE2A4A367400EF1FA3 /* hjhmnnbnUITests.swift */,
				591E7EF02A4A367400EF1FA3 /* hjhmnnbnUITestsLaunchTests.swift */,
			);
			path = hjhmnnbnUITests;
			sourceTree = "<group>";
		};
/* End PBXGroup section */

/* Begin PBXNativeTarget section */
		591E7ECE2A4A367300EF1FA3 /* hjhmnnbn */ = {
			isa = PBXNativeTarget;
			buildConfigurationList = 591E7EF42A4A367400EF1FA3 /* Build configuration list for PBXNativeTarget "hjhmnnbn" */;
			buildPhases = (
				591E7ECB2A4A367300EF1FA3 /* Sources */,
				591E7ECC2A4A367300EF1FA3 /* Frameworks */,
				591E7ECD2A4A367300EF1FA3 /* Resources */,
			);
			buildRules = (
			);
			dependencies = (
			);
			name = hjhmnnbn;
			productName = hjhmnnbn;
			productReference = 591E7ECF2A4A367300EF1FA3 /* hjhmnnbn.app */;
			productType = "com.apple.product-type.application";
		};
		591E7EDF2A4A367400EF1FA3 /* hjhmnnbnTests */ = {
			isa = PBXNativeTarget;
			buildConfigurationList = 591E7EF72A4A367400EF1FA3 /* Build configuration list for PBXNativeTarget "hjhmnnbnTests" */;
			buildPhases = (
				591E7EDC2A4A367400EF1FA3 /* Sources */,
				591E7EDD2A4A367400EF1FA3 /* Frameworks */,
				591E7EDE2A4A367400EF1FA3 /* Resources */,
			);
			buildRules = (
			);
			dependencies = (
				591E7EE22A4A367400EF1FA3 /* PBXTargetDependency */,
			);
			name = hjhmnnbnTests;
			productName = hjhmnnbnTests;
			productReference = 591E7EE02A4A367400EF1FA3 /* hjhmnnbnTests.xctest */;
			productType = "com.apple.product-type.bundle.unit-test";
		};
		591E7EE92A4A367400EF1FA3 /* hjhmnnbnUITests */ = {
			isa = PBXNativeTarget;
			buildConfigurationList = 591E7EFA2A4A367400EF1FA3 /* Build configuration list for PBXNativeTarget "hjhmnnbnUITests" */;
			buildPhases = (
				591E7EE62A4A367400EF1FA3 /* Sources */,
				591E7EE72A4A367400EF1FA3 /* Frameworks */,
				591E7EE82A4A367400EF1FA3 /* Resources */,
			);
			buildRules = (
			);
			dependencies = (
				591E7EEC2A4A367400EF1FA3 /* PBXTargetDependency */,
			);
			name = hjhmnnbnUITests;
			productName = hjhmnnbnUITests;
			productReference = 591E7EEA2A4A367400EF1FA3 /* hjhmnnbnUITests.xctest */;
			productType = "com.apple.product-type.bundle.ui-testing";
		};
/* End PBXNativeTarget section */

/* Begin PBXProject section */
		591E7EC72A4A367300EF1FA3 /* Project object */ = {
			isa = PBXProject;
			attributes = {
				BuildIndependentTargetsInParallel = 1;
				LastSwiftUpdateCheck = 1430;
				LastUpgradeCheck = 1430;
				TargetAttributes = {
					591E7ECE2A4A367300EF1FA3 = {
						CreatedOnToolsVersion = 14.3.1;
					};
					591E7EDF2A4A367400EF1FA3 = {
						CreatedOnToolsVersion = 14.3.1;
						TestTargetID = 591E7ECE2A4A367300EF1FA3;
					};
					591E7EE92A4A367400EF1FA3 = {
						CreatedOnToolsVersion = 14.3.1;
						TestTargetID = 591E7ECE2A4A367300EF1FA3;
					};
				};
			};
			buildConfigurationList = 591E7ECA2A4A367300EF1FA3 /* Build configuration list for PBXProject "hjhmnnbn" */;
			compatibilityVersion = "Xcode 14.0";
			developmentRegion = en;
			hasScannedForEncodings = 0;
			knownRegions = (
				en,
				Base,
			);
			mainGroup = 591E7EC62A4A367300EF1FA3;
			productRefGroup = 591E7ED02A4A367300EF1FA3 /* Products */;
			projectDirPath = "";
			projectRoot = "";
			targets = (
				591E7ECE2A4A367300EF1FA3 /* hjhmnnbn */,
				591E7EDF2A4A367400EF1FA3 /* hjhmnnbnTests */,
				591E7EE92A4A367400EF1FA3 /* hjhmnnbnUITests */,
			);
		};
/* End PBXProject section */

/* Begin PBXResourcesBuildPhase section */
		591E7ECD2A4A367300EF1FA3 /* Resources */ = {
			isa = PBXResourcesBuildPhase;
			buildActionMask = 2147483647;
			files = (
				591E7EDB2A4A367400EF1FA3 /* Preview Assets.xcassets in Resources */,
				591E7ED72A4A367400EF1FA3 /* Assets.xcassets in Resources */,
			);
			runOnlyForDeploymentPostprocessing = 0;
		};
		591E7EDE2A4A367400EF1FA3 /* Resources */ = {
			isa = PBXResourcesBuildPhase;
			buildActionMask = 2147483647;
			files = (
			);
			runOnlyForDeploymentPostprocessing = 0;
		};
		591E7EE82A4A367400EF1FA3 /* Resources */ = {
			isa = PBXResourcesBuildPhase;
			buildActionMask = 2147483647;
			files = (
			);
			runOnlyForDeploymentPostprocessing = 0;
		};
/* End PBXResourcesBuildPhase section */

/* Begin PBXSourcesBuildPhase section */
		591E7ECB2A4A367300EF1FA3 /* Sources */ = {
			isa = PBXSourcesBuildPhase;
			buildActionMask = 2147483647;
			files = (
				591E7ED52A4A367300EF1FA3 /* ContentView.swift in Sources */,
				591E7ED32A4A367300EF1FA3 /* hjhmnnbnApp.swift in Sources */,
			);
			runOnlyForDeploymentPostprocessing = 0;
		};
		591E7EDC2A4A367400EF1FA3 /* Sources */ = {
			isa = PBXSourcesBuildPhase;
			buildActionMask = 2147483647;
			files = (
				591E7EE52A4A367400EF1FA3 /* hjhmnnbnTests.swift in Sources */,
			);
			runOnlyForDeploymentPostprocessing = 0;
		};
		591E7EE62A4A367400EF1FA3 /* Sources */ = {
			isa = PBXSourcesBuildPhase;
			buildActionMask = 2147483647;
			files = (
				591E7EF12A4A367400EF1FA3 /* hjhmnnbnUITestsLaunchTests.swift in Sources */,
				591E7EEF2A4A367400EF1FA3 /* hjhmnnbnUITests.swift in Sources */,
			);
			runOnlyForDeploymentPostprocessing = 0;
		};
/* End PBXSourcesBuildPhase section */

/* Begin PBXTargetDependency section */
		591E7EE22A4A367400EF1FA3 /* PBXTargetDependency */ = {
			isa = PBXTargetDependency;
			target = 591E7ECE2A4A367300EF1FA3 /* hjhmnnbn */;
			targetProxy = 591E7EE12A4A367400EF1FA3 /* PBXContainerItemProxy */;
		};
		591E7EEC2A4A367400EF1FA3 /* PBXTargetDependency */ = {
			isa = PBXTargetDependency;
			target = 591E7ECE2A4A367300EF1FA3 /* hjhmnnbn */;
			targetProxy = 591E7EEB2A4A367400EF1FA3 /* PBXContainerItemProxy */;
		};
/* End PBXTargetDependency section */

/* Begin XCBuildConfiguration section */
		591E7EF22A4A367400EF1FA3 /* Debug */ = {
			isa = XCBuildConfiguration;
			buildSettings = {
				ALWAYS_SEARCH_USER_PATHS = NO;
				CLANG_ANALYZER_NONNULL = YES;
				CLANG_ANALYZER_NUMBER_OBJECT_CONVERSION = YES_AGGRESSIVE;
				CLANG_CXX_LANGUAGE_STANDARD = "gnu++20";
				CLANG_ENABLE_MODULES = YES;
				CLANG_ENABLE_OBJC_ARC = YES;
				CLANG_ENABLE_OBJC_WEAK = YES;
				CLANG_WARN_BLOCK_CAPTURE_AUTORELEASING = YES;
				CLANG_WARN_BOOL_CONVERSION = YES;
				CLANG_WARN_COMMA = YES;
				CLANG_WARN_CONSTANT_CONVERSION = YES;
				CLANG_WARN_DEPRECATED_OBJC_IMPLEMENTATIONS = YES;
				CLANG_WARN_DIRECT_OBJC_ISA_USAGE = YES_ERROR;
				CLANG_WARN_DOCUMENTATION_COMMENTS = YES;
				CLANG_WARN_EMPTY_BODY = YES;
				CLANG_WARN_ENUM_CONVERSION = YES;
				CLANG_WARN_INFINITE_RECURSION = YES;
				CLANG_WARN_INT_CONVERSION = YES;
				CLANG_WARN_NON_LITERAL_NULL_CONVERSION = YES;
				CLANG_WARN_OBJC_IMPLICIT_RETAIN_SELF = YES;
				CLANG_WARN_OBJC_LITERAL_CONVERSION = YES;
				CLANG_WARN_OBJC_ROOT_CLASS = YES_ERROR;
				CLANG_WARN_QUOTED_INCLUDE_IN_FRAMEWORK_HEADER = YES;
				CLANG_WARN_RANGE_LOOP_ANALYSIS = YES;
				CLANG_WARN_STRICT_PROTOTYPES = YES;
				CLANG_WARN_SUSPICIOUS_MOVE = YES;
				CLANG_WARN_UNGUARDED_AVAILABILITY = YES_AGGRESSIVE;
				CLANG_WARN_UNREACHABLE_CODE = YES;
				CLANG_WARN__DUPLICATE_METHOD_MATCH = YES;
				COPY_PHASE_STRIP = NO;
				DEBUG_INFORMATION_FORMAT = dwarf;
				ENABLE_STRICT_OBJC_MSGSEND = YES;
				ENABLE_TESTABILITY = YES;
				GCC_C_LANGUAGE_STANDARD = gnu11;
				GCC_DYNAMIC_NO_PIC = NO;
				GCC_NO_COMMON_BLOCKS = YES;
				GCC_OPTIMIZATION_LEVEL = 0;
				GCC_PREPROCESSOR_DEFINITIONS = (
					"DEBUG=1",
					"$(inherited)",
				);
				GCC_WARN_64_TO_32_BIT_CONVERSION = YES;
				GCC_WARN_ABOUT_RETURN_TYPE = YES_ERROR;
				GCC_WARN_UNDECLARED_SELECTOR = YES;
				GCC_WARN_UNINITIALIZED_AUTOS = YES_AGGRESSIVE;
				GCC_WARN_UNUSED_FUNCTION = YES;
				GCC_WARN_UNUSED_VARIABLE = YES;
				MTL_ENABLE_DEBUG_INFO = INCLUDE_SOURCE;
				MTL_FAST_MATH = YES;
				ONLY_ACTIVE_ARCH = YES;
				SWIFT_ACTIVE_COMPILATION_CONDITIONS = DEBUG;
				SWIFT_OPTIMIZATION_LEVEL = "-Onone";
			};
			name = Debug;
		};
		591E7EF32A4A367400EF1FA3 /* Release */ = {
			isa = XCBuildConfiguration;
			buildSettings = {
				ALWAYS_SEARCH_USER_PATHS = NO;
				CLANG_ANALYZER_NONNULL = YES;
				CLANG_ANALYZER_NUMBER_OBJECT_CONVERSION = YES_AGGRESSIVE;
				CLANG_CXX_LANGUAGE_STANDARD = "gnu++20";
				CLANG_ENABLE_MODULES = YES;
				CLANG_ENABLE_OBJC_ARC = YES;
				CLANG_ENABLE_OBJC_WEAK = YES;
				CLANG_WARN_BLOCK_CAPTURE_AUTORELEASING = YES;
				CLANG_WARN_BOOL_CONVERSION = YES;
				CLANG_WARN_COMMA = YES;
				CLANG_WARN_CONSTANT_CONVERSION = YES;
				CLANG_WARN_DEPRECATED_OBJC_IMPLEMENTATIONS = YES;
				CLANG_WARN_DIRECT_OBJC_ISA_USAGE = YES_ERROR;
				CLANG_WARN_DOCUMENTATION_COMMENTS = YES;
				CLANG_WARN_EMPTY_BODY = YES;
				CLANG_WARN_ENUM_CONVERSION = YES;
				CLANG_WARN_INFINITE_RECURSION = YES;
				CLANG_WARN_INT_CONVERSION = YES;
				CLANG_WARN_NON_LITERAL_NULL_CONVERSION = YES;
				CLANG_WARN_OBJC_IMPLICIT_RETAIN_SELF = YES;
				CLANG_WARN_OBJC_LITERAL_CONVERSION = YES;
				CLANG_WARN_OBJC_ROOT_CLASS = YES_ERROR;
				CLANG_WARN_QUOTED_INCLUDE_IN_FRAMEWORK_HEADER = YES;
				CLANG_WARN_RANGE_LOOP_ANALYSIS = YES;
				CLANG_WARN_STRICT_PROTOTYPES = YES;
				CLANG_WARN_SUSPICIOUS_MOVE = YES;
				CLANG_WARN_UNGUARDED_AVAILABILITY = YES_AGGRESSIVE;
				CLANG_WARN_UNREACHABLE_CODE = YES;
				CLANG_WARN__DUPLICATE_METHOD_MATCH = YES;
				COPY_PHASE_STRIP = NO;
				DEBUG_INFORMATION_FORMAT = "dwarf-with-dsym";
				ENABLE_NS_ASSERTIONS = NO;
				ENABLE_STRICT_OBJC_MSGSEND = YES;
				GCC_C_LANGUAGE_STANDARD = gnu11;
				GCC_NO_COMMON_BLOCKS = YES;
				GCC_WARN_64_TO_32_BIT_CONVERSION = YES;
				GCC_WARN_ABOUT_RETURN_TYPE = YES_ERROR;
				GCC_WARN_UNDECLARED_SELECTOR = YES;
				GCC_WARN_UNINITIALIZED_AUTOS = YES_AGGRESSIVE;
				GCC_WARN_UNUSED_FUNCTION = YES;
				GCC_WARN_UNUSED_VARIABLE = YES;
				MTL_ENABLE_DEBUG_INFO = NO;
				MTL_FAST_MATH = YES;
				SWIFT_COMPILATION_MODE = wholemodule;
				SWIFT_OPTIMIZATION_LEVEL = "-O";
			};
			name = Release;
		};
		591E7EF52A4A367400EF1FA3 /* Debug */ = {
			isa = XCBuildConfiguration;
			buildSettings = {
				ASSETCATALOG_COMPILER_APPICON_NAME = AppIcon;
				ASSETCATALOG_COMPILER_GLOBAL_ACCENT_COLOR_NAME = AccentColor;
				CODE_SIGN_ENTITLEMENTS = hjhmnnbn/hjhmnnbn.entitlements;
				CODE_SIGN_STYLE = Automatic;
				CURRENT_PROJECT_VERSION = 1;
				DEVELOPMENT_ASSET_PATHS = "\"hjhmnnbn/Preview Content\"";
				ENABLE_PREVIEWS = YES;
				GENERATE_INFOPLIST_FILE = YES;
				"INFOPLIST_KEY_UIApplicationSceneManifest_Generation[sdk=iphoneos*]" = YES;
				"INFOPLIST_KEY_UIApplicationSceneManifest_Generation[sdk=iphonesimulator*]" = YES;
				"INFOPLIST_KEY_UIApplicationSupportsIndirectInputEvents[sdk=iphoneos*]" = YES;
				"INFOPLIST_KEY_UIApplicationSupportsIndirectInputEvents[sdk=iphonesimulator*]" = YES;
				"INFOPLIST_KEY_UILaunchScreen_Generation[sdk=iphoneos*]" = YES;
				"INFOPLIST_KEY_UILaunchScreen_Generation[sdk=iphonesimulator*]" = YES;
				"INFOPLIST_KEY_UIStatusBarStyle[sdk=iphoneos*]" = UIStatusBarStyleDefault;
				"INFOPLIST_KEY_UIStatusBarStyle[sdk=iphonesimulator*]" = UIStatusBarStyleDefault;
				INFOPLIST_KEY_UISupportedInterfaceOrientations_iPad = "UIInterfaceOrientationPortrait UIInterfaceOrientationPortraitUpsideDown UIInterfaceOrientationLandscapeLeft UIInterfaceOrientationLandscapeRight";
				INFOPLIST_KEY_UISupportedInterfaceOrientations_iPhone = "UIInterfaceOrientationPortrait UIInterfaceOrientationLandscapeLeft UIInterfaceOrientationLandscapeRight";
				IPHONEOS_DEPLOYMENT_TARGET = 16.4;
				LD_RUNPATH_SEARCH_PATHS = "@executable_path/Frameworks";
				"LD_RUNPATH_SEARCH_PATHS[sdk=macosx*]" = "@executable_path/../Frameworks";
				MACOSX_DEPLOYMENT_TARGET = 13.3;
				MARKETING_VERSION = 1.0;
				PRODUCT_BUNDLE_IDENTIFIER = i.hjhmnnbn;
				PRODUCT_NAME = "$(TARGET_NAME)";
				SDKROOT = auto;
				SUPPORTED_PLATFORMS = "iphoneos iphonesimulator macosx";
				SWIFT_EMIT_LOC_STRINGS = YES;
				SWIFT_VERSION = 5.0;
				TARGETED_DEVICE_FAMILY = "1,2";
			};
			name = Debug;
		};
		591E7EF62A4A367400EF1FA3 /* Release */ = {
			isa = XCBuildConfiguration;
			buildSettings = {
				ASSETCATALOG_COMPILER_APPICON_NAME = AppIcon;
				ASSETCATALOG_COMPILER_GLOBAL_ACCENT_COLOR_NAME = AccentColor;
				CODE_SIGN_ENTITLEMENTS = hjhmnnbn/hjhmnnbn.entitlements;
				CODE_SIGN_STYLE = Automatic;
				CURRENT_PROJECT_VERSION = 1;
				DEVELOPMENT_ASSET_PATHS = "\"hjhmnnbn/Preview Content\"";
				ENABLE_PREVIEWS = YES;
				GENERATE_INFOPLIST_FILE = YES;
				"INFOPLIST_KEY_UIApplicationSceneManifest_Generation[sdk=iphoneos*]" = YES;
				"INFOPLIST_KEY_UIApplicationSceneManifest_Generation[sdk=iphonesimulator*]" = YES;
				"INFOPLIST_KEY_UIApplicationSupportsIndirectInputEvents[sdk=iphoneos*]" = YES;
				"INFOPLIST_KEY_UIApplicationSupportsIndirectInputEvents[sdk=iphonesimulator*]" = YES;
				"INFOPLIST_KEY_UILaunchScreen_Generation[sdk=iphoneos*]" = YES;
				"INFOPLIST_KEY_UILaunchScreen_Generation[sdk=iphonesimulator*]" = YES;
				"INFOPLIST_KEY_UIStatusBarStyle[sdk=iphoneos*]" = UIStatusBarStyleDefault;
				"INFOPLIST_KEY_UIStatusBarStyle[sdk=iphonesimulator*]" = UIStatusBarStyleDefault;
				INFOPLIST_KEY_UISupportedInterfaceOrientations_iPad = "UIInterfaceOrientationPortrait UIInterfaceOrientationPortraitUpsideDown UIInterfaceOrientationLandscapeLeft UIInterfaceOrientationLandscapeRight";
				INFOPLIST_KEY_UISupportedInterfaceOrientations_iPhone = "UIInterfaceOrientationPortrait UIInterfaceOrientationLandscapeLeft UIInterfaceOrientationLandscapeRight";
				IPHONEOS_DEPLOYMENT_TARGET = 16.4;
				LD_RUNPATH_SEARCH_PATHS = "@executable_path/Frameworks";
				"LD_RUNPATH_SEARCH_PATHS[sdk=macosx*]" = "@executable_path/../Frameworks";
				MACOSX_DEPLOYMENT_TARGET = 13.3;
				MARKETING_VERSION = 1.0;
				PRODUCT_BUNDLE_IDENTIFIER = i.hjhmnnbn;
				PRODUCT_NAME = "$(TARGET_NAME)";
				SDKROOT = auto;
				SUPPORTED_PLATFORMS = "iphoneos iphonesimulator macosx";
				SWIFT_EMIT_LOC_STRINGS = YES;
				SWIFT_VERSION = 5.0;
				TARGETED_DEVICE_FAMILY = "1,2";
			};
			name = Release;
		};
		591E7EF82A4A367400EF1FA3 /* Debug */ = {
			isa = XCBuildConfiguration;
			buildSettings = {
				ALWAYS_EMBED_SWIFT_STANDARD_LIBRARIES = YES;
				BUNDLE_LOADER = "$(TEST_HOST)";
				CODE_SIGN_STYLE = Automatic;
				CURRENT_PROJECT_VERSION = 1;
				GENERATE_INFOPLIST_FILE = YES;
				IPHONEOS_DEPLOYMENT_TARGET = 16.4;
				MACOSX_DEPLOYMENT_TARGET = 13.3;
				MARKETING_VERSION = 1.0;
				PRODUCT_BUNDLE_IDENTIFIER = i.hjhmnnbnTests;
				PRODUCT_NAME = "$(TARGET_NAME)";
				SDKROOT = auto;
				SUPPORTED_PLATFORMS = "iphoneos iphonesimulator macosx";
				SWIFT_EMIT_LOC_STRINGS = NO;
				SWIFT_VERSION = 5.0;
				TARGETED_DEVICE_FAMILY = "1,2";
				TEST_HOST = "$(BUILT_PRODUCTS_DIR)/hjhmnnbn.app/$(BUNDLE_EXECUTABLE_FOLDER_PATH)/hjhmnnbn";
			};
			name = Debug;
		};
		591E7EF92A4A367400EF1FA3 /* Release */ = {
			isa = XCBuildConfiguration;
			buildSettings = {
				ALWAYS_EMBED_SWIFT_STANDARD_LIBRARIES = YES;
				BUNDLE_LOADER = "$(TEST_HOST)";
				CODE_SIGN_STYLE = Automatic;
				CURRENT_PROJECT_VERSION = 1;
				GENERATE_INFOPLIST_FILE = YES;
				IPHONEOS_DEPLOYMENT_TARGET = 16.4;
				MACOSX_DEPLOYMENT_TARGET = 13.3;
				MARKETING_VERSION = 1.0;
				PRODUCT_BUNDLE_IDENTIFIER = i.hjhmnnbnTests;
				PRODUCT_NAME = "$(TARGET_NAME)";
				SDKROOT = auto;
				SUPPORTED_PLATFORMS = "iphoneos iphonesimulator macosx";
				SWIFT_EMIT_LOC_STRINGS = NO;
				SWIFT_VERSION = 5.0;
				TARGETED_DEVICE_FAMILY = "1,2";
				TEST_HOST = "$(BUILT_PRODUCTS_DIR)/hjhmnnbn.app/$(BUNDLE_EXECUTABLE_FOLDER_PATH)/hjhmnnbn";
			};
			name = Release;
		};
		591E7EFB2A4A367400EF1FA3 /* Debug */ = {
			isa = XCBuildConfiguration;
			buildSettings = {
				ALWAYS_EMBED_SWIFT_STANDARD_LIBRARIES = YES;
				CODE_SIGN_STYLE = Automatic;
				CURRENT_PROJECT_VERSION = 1;
				GENERATE_INFOPLIST_FILE = YES;
				IPHONEOS_DEPLOYMENT_TARGET = 16.4;
				MACOSX_DEPLOYMENT_TARGET = 13.3;
				MARKETING_VERSION = 1.0;
				PRODUCT_BUNDLE_IDENTIFIER = i.hjhmnnbnUITests;
				PRODUCT_NAME = "$(TARGET_NAME)";
				SDKROOT = auto;
				SUPPORTED_PLATFORMS = "iphoneos iphonesimulator macosx";
				SWIFT_EMIT_LOC_STRINGS = NO;
				SWIFT_VERSION = 5.0;
				TARGETED_DEVICE_FAMILY = "1,2";
				TEST_TARGET_NAME = hjhmnnbn;
			};
			name = Debug;
		};
		591E7EFC2A4A367400EF1FA3 /* Release */ = {
			isa = XCBuildConfiguration;
			buildSettings = {
				ALWAYS_EMBED_SWIFT_STANDARD_LIBRARIES = YES;
				CODE_SIGN_STYLE = Automatic;
				CURRENT_PROJECT_VERSION = 1;
				GENERATE_INFOPLIST_FILE = YES;
				IPHONEOS_DEPLOYMENT_TARGET = 16.4;
				MACOSX_DEPLOYMENT_TARGET = 13.3;
				MARKETING_VERSION = 1.0;
				PRODUCT_BUNDLE_IDENTIFIER = i.hjhmnnbnUITests;
				PRODUCT_NAME = "$(TARGET_NAME)";
				SDKROOT = auto;
				SUPPORTED_PLATFORMS = "iphoneos iphonesimulator macosx";
				SWIFT_EMIT_LOC_STRINGS = NO;
				SWIFT_VERSION = 5.0;
				TARGETED_DEVICE_FAMILY = "1,2";
				TEST_TARGET_NAME = hjhmnnbn;
			};
			name = Release;
		};
/* End XCBuildConfiguration section */

/* Begin XCConfigurationList section */
		591E7ECA2A4A367300EF1FA3 /* Build configuration list for PBXProject "hjhmnnbn" */ = {
			isa = XCConfigurationList;
			buildConfigurations = (
				591E7EF22A4A367400EF1FA3 /* Debug */,
				591E7EF32A4A367400EF1FA3 /* Release */,
			);
			defaultConfigurationIsVisible = 0;
			defaultConfigurationName = Release;
		};
		591E7EF42A4A367400EF1FA3 /* Build configuration list for PBXNativeTarget "hjhmnnbn" */ = {
			isa = XCConfigurationList;
			buildConfigurations = (
				591E7EF52A4A367400EF1FA3 /* Debug */,
				591E7EF62A4A367400EF1FA3 /* Release */,
			);
			defaultConfigurationIsVisible = 0;
			defaultConfigurationName = Release;
		};
		591E7EF72A4A367400EF1FA3 /* Build configuration list for PBXNativeTarget "hjhmnnbnTests" */ = {
			isa = XCConfigurationList;
			buildConfigurations = (
				591E7EF82A4A367400EF1FA3 /* Debug */,
				591E7EF92A4A367400EF1FA3 /* Release */,
			);
			defaultConfigurationIsVisible = 0;
			defaultConfigurationName = Release;
		};
		591E7EFA2A4A367400EF1FA3 /* Build configuration list for PBXNativeTarget "hjhmnnbnUITests" */ = {
			isa = XCConfigurationList;
			buildConfigurations = (
				591E7EFB2A4A367400EF1FA3 /* Debug */,
				591E7EFC2A4A367400EF1FA3 /* Release */,
			);
			defaultConfigurationIsVisible = 0;
			defaultConfigurationName = Release;
		};
/* End XCConfigurationList section */
	};
	rootObject = 591E7EC72A4A367300EF1FA3 /* Project object */;
}
